
Microsoft Visual Studio Solution File, Format Version 12.00
# Visual Studio Version 17
VisualStudioVersion = 17.10.34707.107
MinimumVisualStudioVersion = 10.0.40219.1
Project("{FAE04EC0-301F-11D3-BF4B-00C04F79EFBC}") = "Identityscafollingapp", "Identityscafollingapp\Identityscafollingapp.csproj", "{F3FAB150-623E-4AFE-B7E9-00973E2DBB6D}"
EndProject
Global
	GlobalSection(SolutionConfigurationPlatforms) = preSolution
		Debug|Any CPU = Debug|Any CPU
		Release|Any CPU = Release|Any CPU
	EndGlobalSection
	GlobalSection(ProjectConfigurationPlatforms) = postSolution
		{F3FAB150-623E-4AFE-B7E9-00973E2DBB6D}.Debug|Any CPU.ActiveCfg = Debug|Any CPU
		{F3FAB150-623E-4AFE-B7E9-00973E2DBB6D}.Debug|Any CPU.Build.0 = Debug|Any CPU
		{F3FAB150-623E-4AFE-B7E9-00973E2DBB6D}.Release|Any CPU.ActiveCfg = Release|Any CPU
		{F3FAB150-623E-4AFE-B7E9-00973E2DBB6D}.Release|Any CPU.Build.0 = Release|Any CPU
	EndGlobalSection
	GlobalSection(SolutionProperties) = preSolution
		HideSolutionNode = FALSE
	EndGlobalSection
	GlobalSection(ExtensibilityGlobals) = postSolution
		SolutionGuid = {8CAADBF6-BF50-4A1E-A6C1-A87FF9274D94}
	EndGlobalSection
EndGlobal
